
Microsoft Visual Studio Solution File, Format Version 10.00
# Visual Studio 2008
Project("{2150E333-8FDC-42A3-9474-1A3956D46DE8}") = "Solution Items", "Solution Items", "{8E28D357-213F-4239-8F14-60423045A4AF}"
	ProjectSection(SolutionItems) = preProject
		localtestrun.2008.testrunconfig = localtestrun.2008.testrunconfig
		..\Mesh4n.snk = ..\Mesh4n.snk
		Mesh4n.vsmdi = Mesh4n.vsmdi
	EndProjectSection
	ProjectSection(FolderStartupServices) = postProject
		{B4F97281-0DBD-4835-9ED8-7DFB966E87FF} = {B4F97281-0DBD-4835-9ED8-7DFB966E87FF}
	EndProjectSection
EndProject
Project("{2150E333-8FDC-42A3-9474-1A3956D46DE8}") = "Source", "Source", "{873DA134-5545-49B2-BBA0-3045B81AC44D}"
	ProjectSection(FolderStartupServices) = postProject
		{B4F97281-0DBD-4835-9ED8-7DFB966E87FF} = {B4F97281-0DBD-4835-9ED8-7DFB966E87FF}
	EndProjectSection
EndProject
Project("{2150E333-8FDC-42A3-9474-1A3956D46DE8}") = "UnitTests", "UnitTests", "{F835F3C1-E7CE-4ADB-AE1E-532C0585377C}"
	ProjectSection(FolderStartupServices) = postProject
		{B4F97281-0DBD-4835-9ED8-7DFB966E87FF} = {B4F97281-0DBD-4835-9ED8-7DFB966E87FF}
	EndProjectSection
EndProject
Project("{2150E333-8FDC-42A3-9474-1A3956D46DE8}") = "CFUnitTester", "CFUnitTester", "{AECE55BB-0B4C-412E-9D3B-2938EB616A73}"
	ProjectSection(FolderStartupServices) = postProject
		{B4F97281-0DBD-4835-9ED8-7DFB966E87FF} = {B4F97281-0DBD-4835-9ED8-7DFB966E87FF}
	EndProjectSection
EndProject
Project("{2150E333-8FDC-42A3-9474-1A3956D46DE8}") = "Adapters", "Adapters", "{8ABC36C1-491D-48D3-9A9A-A4D16620F137}"
	ProjectSection(FolderStartupServices) = postProject
		{B4F97281-0DBD-4835-9ED8-7DFB966E87FF} = {B4F97281-0DBD-4835-9ED8-7DFB966E87FF}
	EndProjectSection
EndProject
Project("{FAE04EC0-301F-11D3-BF4B-00C04F79EFBC}") = "Mesh4n", "Source\Mesh4n.csproj", "{5A747B6C-D230-4D59-9321-83B48C4553CF}"
EndProject
Project("{FAE04EC0-301F-11D3-BF4B-00C04F79EFBC}") = "Mesh4n.Tests", "UnitTests\Mesh4n.Tests.csproj", "{6634F9B2-94CB-4D65-8AD7-E38D6F503057}"
EndProject
Project("{FAE04EC0-301F-11D3-BF4B-00C04F79EFBC}") = "UnitTesting", "..\Tools\CFUnitTester\UnitTesting\UnitTesting.csproj", "{3385C4E6-0657-48E3-8437-6BF4A51B2315}"
EndProject
Project("{FAE04EC0-301F-11D3-BF4B-00C04F79EFBC}") = "TestRunner", "..\Tools\CFUnitTester\TestRunner\TestRunner.csproj", "{1C9AE3CD-C7F3-4A1D-9096-646549157B1A}"
EndProject
Project("{FAE04EC0-301F-11D3-BF4B-00C04F79EFBC}") = "GuiTestRunner", "..\Tools\CFUnitTester\GuiTestRunner\GuiTestRunner.csproj", "{EDD25FDB-37FD-4365-B2A8-BE0C6D395BDC}"
EndProject
Project("{FAE04EC0-301F-11D3-BF4B-00C04F79EFBC}") = "Mesh4n.CF", "Source\Mesh4n.CF.csproj", "{6AB67AF4-83D3-449E-83D0-A88C343801AE}"
EndProject
Project("{FAE04EC0-301F-11D3-BF4B-00C04F79EFBC}") = "Mesh4n.Tests.CF", "UnitTests\Mesh4n.Tests.CF.csproj", "{F3D077E0-0FD6-4914-A55C-3FC14F36276A}"
EndProject
Project("{FAE04EC0-301F-11D3-BF4B-00C04F79EFBC}") = "Data", "Adapters\Database\Source\Data.csproj", "{9F77C3B0-5DD7-4B75-816E-69BCB44AA29E}"
EndProject
Project("{FAE04EC0-301F-11D3-BF4B-00C04F79EFBC}") = "Data.Tests", "Adapters\Database\UnitTests\Data.Tests.csproj", "{1D2752BC-65DB-4CA0-BAF0-3CB45C1AAD67}"
EndProject
Project("{FAE04EC0-301F-11D3-BF4B-00C04F79EFBC}") = "Data.Tests.CF", "Adapters\Database\UnitTests.CF\Data.Tests.CF.csproj", "{B03988C0-5E00-42A0-BA58-53DE73157208}"
EndProject
Project("{FAE04EC0-301F-11D3-BF4B-00C04F79EFBC}") = "Data.CF", "Adapters\Database\Source.CF\Data.CF.csproj", "{99CD956C-0F9E-4BA3-9A88-3E4489864378}"
EndProject
Project("{2150E333-8FDC-42A3-9474-1A3956D46DE8}") = "Database", "Database", "{E2FD283C-7899-42F3-B386-099168D0DF05}"
EndProject
Project("{2150E333-8FDC-42A3-9474-1A3956D46DE8}") = "Http", "Http", "{A1FEE1B0-A01C-41FE-86D3-1F5B1D95ED39}"
EndProject
Project("{FAE04EC0-301F-11D3-BF4B-00C04F79EFBC}") = "HttpService", "Adapters\HttpService\Source\HttpService.csproj", "{2BB365F9-5CBB-4CD9-82DC-0264E937BB48}"
EndProject
Project("{FAE04EC0-301F-11D3-BF4B-00C04F79EFBC}") = "HttpService.Tests", "Adapters\HttpService\Tests\HttpService.Tests.csproj", "{B0FF2BC2-E5AF-48FD-8DDE-4F466AAA4CBE}"
EndProject
Project("{FAE04EC0-301F-11D3-BF4B-00C04F79EFBC}") = "HttpService.ConsoleHost", "Adapters\HttpService\ConsoleHost\HttpService.ConsoleHost.csproj", "{E00EB140-28A9-4BBD-833B-E4B0FBFF4D10}"
EndProject
Project("{2150E333-8FDC-42A3-9474-1A3956D46DE8}") = "Kml", "Kml", "{B16FE232-3F23-4945-A185-222AA7674DDD}"
EndProject
Project("{FAE04EC0-301F-11D3-BF4B-00C04F79EFBC}") = "Kml", "Adapters\Kml\Source\Kml.csproj", "{F270D44E-2295-4768-8141-F3E05D4F555B}"
EndProject
Project("{FAE04EC0-301F-11D3-BF4B-00C04F79EFBC}") = "Kml.Tests", "Adapters\Kml\UnitTests\Kml.Tests.csproj", "{20FB53D7-5EA9-4EC1-BE5E-31E9602CAF0B}"
EndProject
Project("{2150E333-8FDC-42A3-9474-1A3956D46DE8}") = "Lib", "Lib", "{07368F68-5FDD-4474-93D3-97B7521CEB5E}"
EndProject
Project("{FAE04EC0-301F-11D3-BF4B-00C04F79EFBC}") = "ServiceModel", "..\Lib\netfx\ServiceModel\ServiceModel.csproj", "{ECECCF97-761E-43D3-9178-D22BCB5AC37B}"
EndProject
Project("{FAE04EC0-301F-11D3-BF4B-00C04F79EFBC}") = "Moq", "..\Lib\Moq\Source\Moq.csproj", "{1C91AC30-5977-4BE5-BA67-8EB186C03514}"
EndProject
Project("{FAE04EC0-301F-11D3-BF4B-00C04F79EFBC}") = "WebHost", "Adapters\HttpService\WebHost\WebHost.csproj", "{A07D9718-669B-4396-AD93-481F03F33182}"
EndProject
Global
	GlobalSection(TeamFoundationVersionControl) = preSolution
		SccNumberOfProjects = 8
		SccEnterpriseProvider = {4CA58AB2-18FA-4F8D-95D4-32DDF27D184C}
		SccTeamFoundationServer = https://tfs03.codeplex.com/
		SccLocalPath0 = .
		SccProjectUniqueName1 = Source\\SimpleSharing.CF.csproj
		SccProjectTopLevelParentUniqueName1 = SimpleSharing.2008.sln
		SccProjectName1 = Source
		SccLocalPath1 = Source
		SccProjectUniqueName2 = Source\\SimpleSharing.csproj
		SccProjectTopLevelParentUniqueName2 = SimpleSharing.2008.sln
		SccProjectName2 = Source
		SccLocalPath2 = Source
		SccProjectUniqueName3 = UnitTests\\SimpleSharing.Tests.CF.csproj
		SccProjectTopLevelParentUniqueName3 = SimpleSharing.2008.sln
		SccProjectName3 = UnitTests
		SccLocalPath3 = UnitTests
		SccProjectUniqueName4 = UnitTests\\SimpleSharing.Tests.csproj
		SccProjectTopLevelParentUniqueName4 = SimpleSharing.2008.sln
		SccProjectName4 = UnitTests
		SccLocalPath4 = UnitTests
		SccProjectUniqueName5 = ..\\Tools\\CFUnitTester\\GuiTestRunner\\GuiTestRunner.csproj
		SccProjectTopLevelParentUniqueName5 = SimpleSharing.2008.sln
		SccProjectName5 = ../Tools/CFUnitTester/GuiTestRunner
		SccLocalPath5 = ..\\Tools\\CFUnitTester\\GuiTestRunner
		SccProjectUniqueName6 = ..\\Tools\\CFUnitTester\\TestRunner\\TestRunner.csproj
		SccProjectTopLevelParentUniqueName6 = SimpleSharing.2008.sln
		SccProjectName6 = ../Tools/CFUnitTester/TestRunner
		SccLocalPath6 = ..\\Tools\\CFUnitTester\\TestRunner
		SccProjectUniqueName7 = ..\\Tools\\CFUnitTester\\UnitTesting\\UnitTesting.csproj
		SccProjectTopLevelParentUniqueName7 = SimpleSharing.2008.sln
		SccProjectName7 = ../Tools/CFUnitTester/UnitTesting
		SccLocalPath7 = ..\\Tools\\CFUnitTester\\UnitTesting
	EndGlobalSection
	GlobalSection(TestCaseManagementSettings) = postSolution
		CategoryFile = Mesh4n.vsmdi
	EndGlobalSection
	GlobalSection(SolutionConfigurationPlatforms) = preSolution
		Debug|.NET = Debug|.NET
		Debug|Any CPU = Debug|Any CPU
		Debug|Mixed Platforms = Debug|Mixed Platforms
		Release|.NET = Release|.NET
		Release|Any CPU = Release|Any CPU
		Release|Mixed Platforms = Release|Mixed Platforms
	EndGlobalSection
	GlobalSection(ProjectConfigurationPlatforms) = postSolution
		{5A747B6C-D230-4D59-9321-83B48C4553CF}.Debug|.NET.ActiveCfg = Debug|Any CPU
		{5A747B6C-D230-4D59-9321-83B48C4553CF}.Debug|Any CPU.ActiveCfg = Debug|Any CPU
		{5A747B6C-D230-4D59-9321-83B48C4553CF}.Debug|Any CPU.Build.0 = Debug|Any CPU
		{5A747B6C-D230-4D59-9321-83B48C4553CF}.Debug|Mixed Platforms.ActiveCfg = Debug|Any CPU
		{5A747B6C-D230-4D59-9321-83B48C4553CF}.Debug|Mixed Platforms.Build.0 = Debug|Any CPU
		{5A747B6C-D230-4D59-9321-83B48C4553CF}.Release|.NET.ActiveCfg = Release|Any CPU
		{5A747B6C-D230-4D59-9321-83B48C4553CF}.Release|Any CPU.ActiveCfg = Release|Any CPU
		{5A747B6C-D230-4D59-9321-83B48C4553CF}.Release|Any CPU.Build.0 = Release|Any CPU
		{5A747B6C-D230-4D59-9321-83B48C4553CF}.Release|Mixed Platforms.ActiveCfg = Release|Any CPU
		{5A747B6C-D230-4D59-9321-83B48C4553CF}.Release|Mixed Platforms.Build.0 = Release|Any CPU
		{6634F9B2-94CB-4D65-8AD7-E38D6F503057}.Debug|.NET.ActiveCfg = Debug|Any CPU
		{6634F9B2-94CB-4D65-8AD7-E38D6F503057}.Debug|Any CPU.ActiveCfg = Debug|Any CPU
		{6634F9B2-94CB-4D65-8AD7-E38D6F503057}.Debug|Any CPU.Build.0 = Debug|Any CPU
		{6634F9B2-94CB-4D65-8AD7-E38D6F503057}.Debug|Mixed Platforms.ActiveCfg = Debug|Any CPU
		{6634F9B2-94CB-4D65-8AD7-E38D6F503057}.Debug|Mixed Platforms.Build.0 = Debug|Any CPU
		{6634F9B2-94CB-4D65-8AD7-E38D6F503057}.Release|.NET.ActiveCfg = Release|Any CPU
		{6634F9B2-94CB-4D65-8AD7-E38D6F503057}.Release|Any CPU.ActiveCfg = Release|Any CPU
		{6634F9B2-94CB-4D65-8AD7-E38D6F503057}.Release|Any CPU.Build.0 = Release|Any CPU
		{6634F9B2-94CB-4D65-8AD7-E38D6F503057}.Release|Mixed Platforms.ActiveCfg = Release|Any CPU
		{6634F9B2-94CB-4D65-8AD7-E38D6F503057}.Release|Mixed Platforms.Build.0 = Release|Any CPU
		{3385C4E6-0657-48E3-8437-6BF4A51B2315}.Debug|.NET.ActiveCfg = Debug|Any CPU
		{3385C4E6-0657-48E3-8437-6BF4A51B2315}.Debug|Any CPU.ActiveCfg = Debug|Any CPU
		{3385C4E6-0657-48E3-8437-6BF4A51B2315}.Debug|Mixed Platforms.ActiveCfg = Debug|Any CPU
		{3385C4E6-0657-48E3-8437-6BF4A51B2315}.Debug|Mixed Platforms.Build.0 = Debug|Any CPU
		{3385C4E6-0657-48E3-8437-6BF4A51B2315}.Release|.NET.ActiveCfg = Release|Any CPU
		{3385C4E6-0657-48E3-8437-6BF4A51B2315}.Release|Any CPU.ActiveCfg = Release|Any CPU
		{3385C4E6-0657-48E3-8437-6BF4A51B2315}.Release|Any CPU.Build.0 = Release|Any CPU
		{3385C4E6-0657-48E3-8437-6BF4A51B2315}.Release|Mixed Platforms.ActiveCfg = Release|Any CPU
		{3385C4E6-0657-48E3-8437-6BF4A51B2315}.Release|Mixed Platforms.Build.0 = Release|Any CPU
		{1C9AE3CD-C7F3-4A1D-9096-646549157B1A}.Debug|.NET.ActiveCfg = Debug|Any CPU
		{1C9AE3CD-C7F3-4A1D-9096-646549157B1A}.Debug|Any CPU.ActiveCfg = Debug|Any CPU
		{1C9AE3CD-C7F3-4A1D-9096-646549157B1A}.Debug|Mixed Platforms.ActiveCfg = Debug|Any CPU
		{1C9AE3CD-C7F3-4A1D-9096-646549157B1A}.Debug|Mixed Platforms.Build.0 = Debug|Any CPU
		{1C9AE3CD-C7F3-4A1D-9096-646549157B1A}.Release|.NET.ActiveCfg = Release|Any CPU
		{1C9AE3CD-C7F3-4A1D-9096-646549157B1A}.Release|Any CPU.ActiveCfg = Release|Any CPU
		{1C9AE3CD-C7F3-4A1D-9096-646549157B1A}.Release|Any CPU.Build.0 = Release|Any CPU
		{1C9AE3CD-C7F3-4A1D-9096-646549157B1A}.Release|Mixed Platforms.ActiveCfg = Release|Any CPU
		{1C9AE3CD-C7F3-4A1D-9096-646549157B1A}.Release|Mixed Platforms.Build.0 = Release|Any CPU
		{EDD25FDB-37FD-4365-B2A8-BE0C6D395BDC}.Debug|.NET.ActiveCfg = Debug|Any CPU
		{EDD25FDB-37FD-4365-B2A8-BE0C6D395BDC}.Debug|Any CPU.ActiveCfg = Debug|Any CPU
		{EDD25FDB-37FD-4365-B2A8-BE0C6D395BDC}.Debug|Mixed Platforms.ActiveCfg = Debug|Any CPU
		{EDD25FDB-37FD-4365-B2A8-BE0C6D395BDC}.Debug|Mixed Platforms.Build.0 = Debug|Any CPU
		{EDD25FDB-37FD-4365-B2A8-BE0C6D395BDC}.Release|.NET.ActiveCfg = Release|Any CPU
		{EDD25FDB-37FD-4365-B2A8-BE0C6D395BDC}.Release|Any CPU.ActiveCfg = Release|Any CPU
		{EDD25FDB-37FD-4365-B2A8-BE0C6D395BDC}.Release|Any CPU.Build.0 = Release|Any CPU
		{EDD25FDB-37FD-4365-B2A8-BE0C6D395BDC}.Release|Any CPU.Deploy.0 = Release|Any CPU
		{EDD25FDB-37FD-4365-B2A8-BE0C6D395BDC}.Release|Mixed Platforms.ActiveCfg = Release|Any CPU
		{EDD25FDB-37FD-4365-B2A8-BE0C6D395BDC}.Release|Mixed Platforms.Build.0 = Release|Any CPU
		{EDD25FDB-37FD-4365-B2A8-BE0C6D395BDC}.Release|Mixed Platforms.Deploy.0 = Release|Any CPU
		{6AB67AF4-83D3-449E-83D0-A88C343801AE}.Debug|.NET.ActiveCfg = Debug|Any CPU
		{6AB67AF4-83D3-449E-83D0-A88C343801AE}.Debug|Any CPU.ActiveCfg = Debug|Any CPU
		{6AB67AF4-83D3-449E-83D0-A88C343801AE}.Debug|Any CPU.Build.0 = Debug|Any CPU
		{6AB67AF4-83D3-449E-83D0-A88C343801AE}.Debug|Mixed Platforms.ActiveCfg = Debug|Any CPU
		{6AB67AF4-83D3-449E-83D0-A88C343801AE}.Debug|Mixed Platforms.Build.0 = Debug|Any CPU
		{6AB67AF4-83D3-449E-83D0-A88C343801AE}.Release|.NET.ActiveCfg = Release|Any CPU
		{6AB67AF4-83D3-449E-83D0-A88C343801AE}.Release|Any CPU.ActiveCfg = Release|Any CPU
		{6AB67AF4-83D3-449E-83D0-A88C343801AE}.Release|Any CPU.Build.0 = Release|Any CPU
		{6AB67AF4-83D3-449E-83D0-A88C343801AE}.Release|Mixed Platforms.ActiveCfg = Release|Any CPU
		{6AB67AF4-83D3-449E-83D0-A88C343801AE}.Release|Mixed Platforms.Build.0 = Release|Any CPU
		{F3D077E0-0FD6-4914-A55C-3FC14F36276A}.Debug|.NET.ActiveCfg = Debug|Any CPU
		{F3D077E0-0FD6-4914-A55C-3FC14F36276A}.Debug|Any CPU.ActiveCfg = Debug|Any CPU
		{F3D077E0-0FD6-4914-A55C-3FC14F36276A}.Debug|Any CPU.Build.0 = Debug|Any CPU
		{F3D077E0-0FD6-4914-A55C-3FC14F36276A}.Debug|Mixed Platforms.ActiveCfg = Debug|Any CPU
		{F3D077E0-0FD6-4914-A55C-3FC14F36276A}.Debug|Mixed Platforms.Build.0 = Debug|Any CPU
		{F3D077E0-0FD6-4914-A55C-3FC14F36276A}.Release|.NET.ActiveCfg = Release|Any CPU
		{F3D077E0-0FD6-4914-A55C-3FC14F36276A}.Release|Any CPU.ActiveCfg = Release|Any CPU
		{F3D077E0-0FD6-4914-A55C-3FC14F36276A}.Release|Any CPU.Build.0 = Release|Any CPU
		{F3D077E0-0FD6-4914-A55C-3FC14F36276A}.Release|Mixed Platforms.ActiveCfg = Release|Any CPU
		{F3D077E0-0FD6-4914-A55C-3FC14F36276A}.Release|Mixed Platforms.Build.0 = Release|Any CPU
		{9F77C3B0-5DD7-4B75-816E-69BCB44AA29E}.Debug|.NET.ActiveCfg = Debug|Any CPU
		{9F77C3B0-5DD7-4B75-816E-69BCB44AA29E}.Debug|Any CPU.ActiveCfg = Debug|Any CPU
		{9F77C3B0-5DD7-4B75-816E-69BCB44AA29E}.Debug|Any CPU.Build.0 = Debug|Any CPU
		{9F77C3B0-5DD7-4B75-816E-69BCB44AA29E}.Debug|Mixed Platforms.ActiveCfg = Debug|Any CPU
		{9F77C3B0-5DD7-4B75-816E-69BCB44AA29E}.Debug|Mixed Platforms.Build.0 = Debug|Any CPU
		{9F77C3B0-5DD7-4B75-816E-69BCB44AA29E}.Release|.NET.ActiveCfg = Release|Any CPU
		{9F77C3B0-5DD7-4B75-816E-69BCB44AA29E}.Release|Any CPU.ActiveCfg = Release|Any CPU
		{9F77C3B0-5DD7-4B75-816E-69BCB44AA29E}.Release|Any CPU.Build.0 = Release|Any CPU
		{9F77C3B0-5DD7-4B75-816E-69BCB44AA29E}.Release|Mixed Platforms.ActiveCfg = Release|Any CPU
		{9F77C3B0-5DD7-4B75-816E-69BCB44AA29E}.Release|Mixed Platforms.Build.0 = Release|Any CPU
		{1D2752BC-65DB-4CA0-BAF0-3CB45C1AAD67}.Debug|.NET.ActiveCfg = Debug|Any CPU
		{1D2752BC-65DB-4CA0-BAF0-3CB45C1AAD67}.Debug|Any CPU.ActiveCfg = Debug|Any CPU
		{1D2752BC-65DB-4CA0-BAF0-3CB45C1AAD67}.Debug|Any CPU.Build.0 = Debug|Any CPU
		{1D2752BC-65DB-4CA0-BAF0-3CB45C1AAD67}.Debug|Mixed Platforms.ActiveCfg = Debug|Any CPU
		{1D2752BC-65DB-4CA0-BAF0-3CB45C1AAD67}.Debug|Mixed Platforms.Build.0 = Debug|Any CPU
		{1D2752BC-65DB-4CA0-BAF0-3CB45C1AAD67}.Release|.NET.ActiveCfg = Release|Any CPU
		{1D2752BC-65DB-4CA0-BAF0-3CB45C1AAD67}.Release|Any CPU.ActiveCfg = Release|Any CPU
		{1D2752BC-65DB-4CA0-BAF0-3CB45C1AAD67}.Release|Any CPU.Build.0 = Release|Any CPU
		{1D2752BC-65DB-4CA0-BAF0-3CB45C1AAD67}.Release|Mixed Platforms.ActiveCfg = Release|Any CPU
		{1D2752BC-65DB-4CA0-BAF0-3CB45C1AAD67}.Release|Mixed Platforms.Build.0 = Release|Any CPU
		{B03988C0-5E00-42A0-BA58-53DE73157208}.Debug|.NET.ActiveCfg = Debug|Any CPU
		{B03988C0-5E00-42A0-BA58-53DE73157208}.Debug|Any CPU.ActiveCfg = Debug|Any CPU
		{B03988C0-5E00-42A0-BA58-53DE73157208}.Debug|Any CPU.Build.0 = Debug|Any CPU
		{B03988C0-5E00-42A0-BA58-53DE73157208}.Debug|Mixed Platforms.ActiveCfg = Debug|Any CPU
		{B03988C0-5E00-42A0-BA58-53DE73157208}.Debug|Mixed Platforms.Build.0 = Debug|Any CPU
		{B03988C0-5E00-42A0-BA58-53DE73157208}.Release|.NET.ActiveCfg = Release|Any CPU
		{B03988C0-5E00-42A0-BA58-53DE73157208}.Release|Any CPU.ActiveCfg = Release|Any CPU
		{B03988C0-5E00-42A0-BA58-53DE73157208}.Release|Any CPU.Build.0 = Release|Any CPU
		{B03988C0-5E00-42A0-BA58-53DE73157208}.Release|Mixed Platforms.ActiveCfg = Release|Any CPU
		{B03988C0-5E00-42A0-BA58-53DE73157208}.Release|Mixed Platforms.Build.0 = Release|Any CPU
		{99CD956C-0F9E-4BA3-9A88-3E4489864378}.Debug|.NET.ActiveCfg = Debug|Any CPU
		{99CD956C-0F9E-4BA3-9A88-3E4489864378}.Debug|Any CPU.ActiveCfg = Debug|Any CPU
		{99CD956C-0F9E-4BA3-9A88-3E4489864378}.Debug|Any CPU.Build.0 = Debug|Any CPU
		{99CD956C-0F9E-4BA3-9A88-3E4489864378}.Debug|Mixed Platforms.ActiveCfg = Debug|Any CPU
		{99CD956C-0F9E-4BA3-9A88-3E4489864378}.Debug|Mixed Platforms.Build.0 = Debug|Any CPU
		{99CD956C-0F9E-4BA3-9A88-3E4489864378}.Release|.NET.ActiveCfg = Release|Any CPU
		{99CD956C-0F9E-4BA3-9A88-3E4489864378}.Release|Any CPU.ActiveCfg = Release|Any CPU
		{99CD956C-0F9E-4BA3-9A88-3E4489864378}.Release|Any CPU.Build.0 = Release|Any CPU
		{99CD956C-0F9E-4BA3-9A88-3E4489864378}.Release|Mixed Platforms.ActiveCfg = Release|Any CPU
		{99CD956C-0F9E-4BA3-9A88-3E4489864378}.Release|Mixed Platforms.Build.0 = Release|Any CPU
		{2BB365F9-5CBB-4CD9-82DC-0264E937BB48}.Debug|.NET.ActiveCfg = Debug|Any CPU
		{2BB365F9-5CBB-4CD9-82DC-0264E937BB48}.Debug|Any CPU.ActiveCfg = Debug|Any CPU
		{2BB365F9-5CBB-4CD9-82DC-0264E937BB48}.Debug|Any CPU.Build.0 = Debug|Any CPU
		{2BB365F9-5CBB-4CD9-82DC-0264E937BB48}.Debug|Mixed Platforms.ActiveCfg = Debug|Any CPU
		{2BB365F9-5CBB-4CD9-82DC-0264E937BB48}.Debug|Mixed Platforms.Build.0 = Debug|Any CPU
		{2BB365F9-5CBB-4CD9-82DC-0264E937BB48}.Release|.NET.ActiveCfg = Release|Any CPU
		{2BB365F9-5CBB-4CD9-82DC-0264E937BB48}.Release|Any CPU.ActiveCfg = Release|Any CPU
		{2BB365F9-5CBB-4CD9-82DC-0264E937BB48}.Release|Any CPU.Build.0 = Release|Any CPU
		{2BB365F9-5CBB-4CD9-82DC-0264E937BB48}.Release|Mixed Platforms.ActiveCfg = Release|Any CPU
		{2BB365F9-5CBB-4CD9-82DC-0264E937BB48}.Release|Mixed Platforms.Build.0 = Release|Any CPU
		{B0FF2BC2-E5AF-48FD-8DDE-4F466AAA4CBE}.Debug|.NET.ActiveCfg = Debug|Any CPU
		{B0FF2BC2-E5AF-48FD-8DDE-4F466AAA4CBE}.Debug|Any CPU.ActiveCfg = Debug|Any CPU
		{B0FF2BC2-E5AF-48FD-8DDE-4F466AAA4CBE}.Debug|Any CPU.Build.0 = Debug|Any CPU
		{B0FF2BC2-E5AF-48FD-8DDE-4F466AAA4CBE}.Debug|Mixed Platforms.ActiveCfg = Debug|Any CPU
		{B0FF2BC2-E5AF-48FD-8DDE-4F466AAA4CBE}.Debug|Mixed Platforms.Build.0 = Debug|Any CPU
		{B0FF2BC2-E5AF-48FD-8DDE-4F466AAA4CBE}.Release|.NET.ActiveCfg = Release|Any CPU
		{B0FF2BC2-E5AF-48FD-8DDE-4F466AAA4CBE}.Release|Any CPU.ActiveCfg = Release|Any CPU
		{B0FF2BC2-E5AF-48FD-8DDE-4F466AAA4CBE}.Release|Any CPU.Build.0 = Release|Any CPU
		{B0FF2BC2-E5AF-48FD-8DDE-4F466AAA4CBE}.Release|Mixed Platforms.ActiveCfg = Release|Any CPU
		{B0FF2BC2-E5AF-48FD-8DDE-4F466AAA4CBE}.Release|Mixed Platforms.Build.0 = Release|Any CPU
		{E00EB140-28A9-4BBD-833B-E4B0FBFF4D10}.Debug|.NET.ActiveCfg = Debug|Any CPU
		{E00EB140-28A9-4BBD-833B-E4B0FBFF4D10}.Debug|Any CPU.ActiveCfg = Debug|Any CPU
		{E00EB140-28A9-4BBD-833B-E4B0FBFF4D10}.Debug|Any CPU.Build.0 = Debug|Any CPU
		{E00EB140-28A9-4BBD-833B-E4B0FBFF4D10}.Debug|Mixed Platforms.ActiveCfg = Debug|Any CPU
		{E00EB140-28A9-4BBD-833B-E4B0FBFF4D10}.Debug|Mixed Platforms.Build.0 = Debug|Any CPU
		{E00EB140-28A9-4BBD-833B-E4B0FBFF4D10}.Release|.NET.ActiveCfg = Release|Any CPU
		{E00EB140-28A9-4BBD-833B-E4B0FBFF4D10}.Release|Any CPU.ActiveCfg = Release|Any CPU
		{E00EB140-28A9-4BBD-833B-E4B0FBFF4D10}.Release|Any CPU.Build.0 = Release|Any CPU
		{E00EB140-28A9-4BBD-833B-E4B0FBFF4D10}.Release|Mixed Platforms.ActiveCfg = Release|Any CPU
		{E00EB140-28A9-4BBD-833B-E4B0FBFF4D10}.Release|Mixed Platforms.Build.0 = Release|Any CPU
		{F270D44E-2295-4768-8141-F3E05D4F555B}.Debug|.NET.ActiveCfg = Debug|Any CPU
		{F270D44E-2295-4768-8141-F3E05D4F555B}.Debug|Any CPU.ActiveCfg = Debug|Any CPU
		{F270D44E-2295-4768-8141-F3E05D4F555B}.Debug|Any CPU.Build.0 = Debug|Any CPU
		{F270D44E-2295-4768-8141-F3E05D4F555B}.Debug|Mixed Platforms.ActiveCfg = Debug|Any CPU
		{F270D44E-2295-4768-8141-F3E05D4F555B}.Debug|Mixed Platforms.Build.0 = Debug|Any CPU
		{F270D44E-2295-4768-8141-F3E05D4F555B}.Release|.NET.ActiveCfg = Release|Any CPU
		{F270D44E-2295-4768-8141-F3E05D4F555B}.Release|Any CPU.ActiveCfg = Release|Any CPU
		{F270D44E-2295-4768-8141-F3E05D4F555B}.Release|Any CPU.Build.0 = Release|Any CPU
		{F270D44E-2295-4768-8141-F3E05D4F555B}.Release|Mixed Platforms.ActiveCfg = Release|Any CPU
		{F270D44E-2295-4768-8141-F3E05D4F555B}.Release|Mixed Platforms.Build.0 = Release|Any CPU
		{20FB53D7-5EA9-4EC1-BE5E-31E9602CAF0B}.Debug|.NET.ActiveCfg = Debug|Any CPU
		{20FB53D7-5EA9-4EC1-BE5E-31E9602CAF0B}.Debug|Any CPU.ActiveCfg = Debug|Any CPU
		{20FB53D7-5EA9-4EC1-BE5E-31E9602CAF0B}.Debug|Any CPU.Build.0 = Debug|Any CPU
		{20FB53D7-5EA9-4EC1-BE5E-31E9602CAF0B}.Debug|Mixed Platforms.ActiveCfg = Debug|Any CPU
		{20FB53D7-5EA9-4EC1-BE5E-31E9602CAF0B}.Debug|Mixed Platforms.Build.0 = Debug|Any CPU
		{20FB53D7-5EA9-4EC1-BE5E-31E9602CAF0B}.Release|.NET.ActiveCfg = Release|Any CPU
		{20FB53D7-5EA9-4EC1-BE5E-31E9602CAF0B}.Release|Any CPU.ActiveCfg = Release|Any CPU
		{20FB53D7-5EA9-4EC1-BE5E-31E9602CAF0B}.Release|Any CPU.Build.0 = Release|Any CPU
		{20FB53D7-5EA9-4EC1-BE5E-31E9602CAF0B}.Release|Mixed Platforms.ActiveCfg = Release|Any CPU
		{20FB53D7-5EA9-4EC1-BE5E-31E9602CAF0B}.Release|Mixed Platforms.Build.0 = Release|Any CPU
		{ECECCF97-761E-43D3-9178-D22BCB5AC37B}.Debug|.NET.ActiveCfg = Debug|Any CPU
		{ECECCF97-761E-43D3-9178-D22BCB5AC37B}.Debug|Any CPU.ActiveCfg = Debug|Any CPU
		{ECECCF97-761E-43D3-9178-D22BCB5AC37B}.Debug|Any CPU.Build.0 = Debug|Any CPU
		{ECECCF97-761E-43D3-9178-D22BCB5AC37B}.Debug|Mixed Platforms.ActiveCfg = Debug|Any CPU
		{ECECCF97-761E-43D3-9178-D22BCB5AC37B}.Debug|Mixed Platforms.Build.0 = Debug|Any CPU
		{ECECCF97-761E-43D3-9178-D22BCB5AC37B}.Release|.NET.ActiveCfg = Release|Any CPU
		{ECECCF97-761E-43D3-9178-D22BCB5AC37B}.Release|Any CPU.ActiveCfg = Release|Any CPU
		{ECECCF97-761E-43D3-9178-D22BCB5AC37B}.Release|Any CPU.Build.0 = Release|Any CPU
		{ECECCF97-761E-43D3-9178-D22BCB5AC37B}.Release|Mixed Platforms.ActiveCfg = Release|Any CPU
		{ECECCF97-761E-43D3-9178-D22BCB5AC37B}.Release|Mixed Platforms.Build.0 = Release|Any CPU
		{1C91AC30-5977-4BE5-BA67-8EB186C03514}.Debug|.NET.ActiveCfg = Debug|Any CPU
		{1C91AC30-5977-4BE5-BA67-8EB186C03514}.Debug|Any CPU.ActiveCfg = Debug|Any CPU
		{1C91AC30-5977-4BE5-BA67-8EB186C03514}.Debug|Any CPU.Build.0 = Debug|Any CPU
		{1C91AC30-5977-4BE5-BA67-8EB186C03514}.Debug|Mixed Platforms.ActiveCfg = Debug|Any CPU
		{1C91AC30-5977-4BE5-BA67-8EB186C03514}.Debug|Mixed Platforms.Build.0 = Debug|Any CPU
		{1C91AC30-5977-4BE5-BA67-8EB186C03514}.Release|.NET.ActiveCfg = Release|Any CPU
		{1C91AC30-5977-4BE5-BA67-8EB186C03514}.Release|Any CPU.ActiveCfg = Release|Any CPU
		{1C91AC30-5977-4BE5-BA67-8EB186C03514}.Release|Any CPU.Build.0 = Release|Any CPU
		{1C91AC30-5977-4BE5-BA67-8EB186C03514}.Release|Mixed Platforms.ActiveCfg = Release|Any CPU
		{1C91AC30-5977-4BE5-BA67-8EB186C03514}.Release|Mixed Platforms.Build.0 = Release|Any CPU
		{A07D9718-669B-4396-AD93-481F03F33182}.Debug|.NET.ActiveCfg = Debug|Any CPU
		{A07D9718-669B-4396-AD93-481F03F33182}.Debug|Any CPU.ActiveCfg = Debug|Any CPU
		{A07D9718-669B-4396-AD93-481F03F33182}.Debug|Any CPU.Build.0 = Debug|Any CPU
		{A07D9718-669B-4396-AD93-481F03F33182}.Debug|Mixed Platforms.ActiveCfg = Debug|Any CPU
		{A07D9718-669B-4396-AD93-481F03F33182}.Debug|Mixed Platforms.Build.0 = Debug|Any CPU
		{A07D9718-669B-4396-AD93-481F03F33182}.Release|.NET.ActiveCfg = Release|Any CPU
		{A07D9718-669B-4396-AD93-481F03F33182}.Release|Any CPU.ActiveCfg = Release|Any CPU
		{A07D9718-669B-4396-AD93-481F03F33182}.Release|Any CPU.Build.0 = Release|Any CPU
		{A07D9718-669B-4396-AD93-481F03F33182}.Release|Mixed Platforms.ActiveCfg = Release|Any CPU
		{A07D9718-669B-4396-AD93-481F03F33182}.Release|Mixed Platforms.Build.0 = Release|Any CPU
	EndGlobalSection
	GlobalSection(SolutionProperties) = preSolution
		HideSolutionNode = FALSE
	EndGlobalSection
	GlobalSection(NestedProjects) = preSolution
		{5A747B6C-D230-4D59-9321-83B48C4553CF} = {873DA134-5545-49B2-BBA0-3045B81AC44D}
		{6AB67AF4-83D3-449E-83D0-A88C343801AE} = {873DA134-5545-49B2-BBA0-3045B81AC44D}
		{AECE55BB-0B4C-412E-9D3B-2938EB616A73} = {F835F3C1-E7CE-4ADB-AE1E-532C0585377C}
		{6634F9B2-94CB-4D65-8AD7-E38D6F503057} = {F835F3C1-E7CE-4ADB-AE1E-532C0585377C}
		{F3D077E0-0FD6-4914-A55C-3FC14F36276A} = {F835F3C1-E7CE-4ADB-AE1E-532C0585377C}
		{3385C4E6-0657-48E3-8437-6BF4A51B2315} = {AECE55BB-0B4C-412E-9D3B-2938EB616A73}
		{1C9AE3CD-C7F3-4A1D-9096-646549157B1A} = {AECE55BB-0B4C-412E-9D3B-2938EB616A73}
		{EDD25FDB-37FD-4365-B2A8-BE0C6D395BDC} = {AECE55BB-0B4C-412E-9D3B-2938EB616A73}
		{E2FD283C-7899-42F3-B386-099168D0DF05} = {8ABC36C1-491D-48D3-9A9A-A4D16620F137}
		{A1FEE1B0-A01C-41FE-86D3-1F5B1D95ED39} = {8ABC36C1-491D-48D3-9A9A-A4D16620F137}
		{B16FE232-3F23-4945-A185-222AA7674DDD} = {8ABC36C1-491D-48D3-9A9A-A4D16620F137}
		{1D2752BC-65DB-4CA0-BAF0-3CB45C1AAD67} = {E2FD283C-7899-42F3-B386-099168D0DF05}
		{B03988C0-5E00-42A0-BA58-53DE73157208} = {E2FD283C-7899-42F3-B386-099168D0DF05}
		{99CD956C-0F9E-4BA3-9A88-3E4489864378} = {E2FD283C-7899-42F3-B386-099168D0DF05}
		{9F77C3B0-5DD7-4B75-816E-69BCB44AA29E} = {E2FD283C-7899-42F3-B386-099168D0DF05}
		{2BB365F9-5CBB-4CD9-82DC-0264E937BB48} = {A1FEE1B0-A01C-41FE-86D3-1F5B1D95ED39}
		{B0FF2BC2-E5AF-48FD-8DDE-4F466AAA4CBE} = {A1FEE1B0-A01C-41FE-86D3-1F5B1D95ED39}
		{E00EB140-28A9-4BBD-833B-E4B0FBFF4D10} = {A1FEE1B0-A01C-41FE-86D3-1F5B1D95ED39}
		{A07D9718-669B-4396-AD93-481F03F33182} = {A1FEE1B0-A01C-41FE-86D3-1F5B1D95ED39}
		{F270D44E-2295-4768-8141-F3E05D4F555B} = {B16FE232-3F23-4945-A185-222AA7674DDD}
		{20FB53D7-5EA9-4EC1-BE5E-31E9602CAF0B} = {B16FE232-3F23-4945-A185-222AA7674DDD}
		{ECECCF97-761E-43D3-9178-D22BCB5AC37B} = {07368F68-5FDD-4474-93D3-97B7521CEB5E}
		{1C91AC30-5977-4BE5-BA67-8EB186C03514} = {07368F68-5FDD-4474-93D3-97B7521CEB5E}
	EndGlobalSection
	GlobalSection(TextTemplating) = postSolution
		TextTemplating = 1
	EndGlobalSection
EndGlobal
