
Microsoft Visual Studio Solution File, Format Version 10.00
# Visual Studio 2008
Project("{FAE04EC0-301F-11D3-BF4B-00C04F79EFBC}") = "SyndicationModel", "SyndicationModel\SyndicationModel.csproj", "{40DF1921-3E5E-45F6-BE9E-D3D91EBDDC11}"
EndProject
Project("{FAE04EC0-301F-11D3-BF4B-00C04F79EFBC}") = "SyndicationModel.Tests", "SyndicationModel.Tests\SyndicationModel.Tests.csproj", "{0D0E24E4-AE23-471C-A0E4-1B85DA118497}"
EndProject
Project("{2150E333-8FDC-42A3-9474-1A3956D46DE8}") = "Solution Items", "Solution Items", "{A3EC634B-727F-45DE-B72D-8BF041EB1E7D}"
	ProjectSection(SolutionItems) = preProject
		LocalTestRun.testrunconfig = LocalTestRun.testrunconfig
		SyndicationModel.vsmdi = SyndicationModel.vsmdi
	EndProjectSection
EndProject
Global
	GlobalSection(TestCaseManagementSettings) = postSolution
		CategoryFile = SyndicationModel.vsmdi
	EndGlobalSection
	GlobalSection(SolutionConfigurationPlatforms) = preSolution
		Debug|Any CPU = Debug|Any CPU
		Release|Any CPU = Release|Any CPU
	EndGlobalSection
	GlobalSection(ProjectConfigurationPlatforms) = postSolution
		{40DF1921-3E5E-45F6-BE9E-D3D91EBDDC11}.Debug|Any CPU.ActiveCfg = Debug|Any CPU
		{40DF1921-3E5E-45F6-BE9E-D3D91EBDDC11}.Debug|Any CPU.Build.0 = Debug|Any CPU
		{40DF1921-3E5E-45F6-BE9E-D3D91EBDDC11}.Release|Any CPU.ActiveCfg = Release|Any CPU
		{40DF1921-3E5E-45F6-BE9E-D3D91EBDDC11}.Release|Any CPU.Build.0 = Release|Any CPU
		{0D0E24E4-AE23-471C-A0E4-1B85DA118497}.Debug|Any CPU.ActiveCfg = Debug|Any CPU
		{0D0E24E4-AE23-471C-A0E4-1B85DA118497}.Debug|Any CPU.Build.0 = Debug|Any CPU
		{0D0E24E4-AE23-471C-A0E4-1B85DA118497}.Release|Any CPU.ActiveCfg = Release|Any CPU
		{0D0E24E4-AE23-471C-A0E4-1B85DA118497}.Release|Any CPU.Build.0 = Release|Any CPU
	EndGlobalSection
	GlobalSection(SolutionProperties) = preSolution
		HideSolutionNode = FALSE
	EndGlobalSection
EndGlobal
