
Microsoft Visual Studio Solution File, Format Version 10.00
# Visual Studio 2008
Project("{2150E333-8FDC-42A3-9474-1A3956D46DE8}") = "Solution Items", "Solution Items", "{80558B18-9391-49AB-9436-14A9B160737F}"
	ProjectSection(SolutionItems) = preProject
		localtestrun.testrunconfig = localtestrun.testrunconfig
		PasswordAuthentication.2008.vsmdi = PasswordAuthentication.2008.vsmdi
	EndProjectSection
	ProjectSection(FolderStartupServices) = postProject
		{B4F97281-0DBD-4835-9ED8-7DFB966E87FF} = {B4F97281-0DBD-4835-9ED8-7DFB966E87FF}
	EndProjectSection
EndProject
Project("{2150E333-8FDC-42A3-9474-1A3956D46DE8}") = "UnitTests", "UnitTests", "{90CF622C-C6EE-4C78-A4AA-AF1ED7C822DD}"
	ProjectSection(FolderStartupServices) = postProject
		{B4F97281-0DBD-4835-9ED8-7DFB966E87FF} = {B4F97281-0DBD-4835-9ED8-7DFB966E87FF}
	EndProjectSection
EndProject
Project("{2150E333-8FDC-42A3-9474-1A3956D46DE8}") = "CFUnitTester", "CFUnitTester", "{C27820B3-673B-47B9-9DCE-A1181CB18B3C}"
	ProjectSection(FolderStartupServices) = postProject
		{B4F97281-0DBD-4835-9ED8-7DFB966E87FF} = {B4F97281-0DBD-4835-9ED8-7DFB966E87FF}
	EndProjectSection
EndProject
Project("{2150E333-8FDC-42A3-9474-1A3956D46DE8}") = "Source", "Source", "{A6497E8C-7A88-42A9-8B52-D7525570B195}"
	ProjectSection(FolderStartupServices) = postProject
		{B4F97281-0DBD-4835-9ED8-7DFB966E87FF} = {B4F97281-0DBD-4835-9ED8-7DFB966E87FF}
	EndProjectSection
EndProject
Project("{FAE04EC0-301F-11D3-BF4B-00C04F79EFBC}") = "UnitTesting", "CFUnitTester\UnitTesting\UnitTesting.csproj", "{3385C4E6-0657-48E3-8437-6BF4A51B2315}"
EndProject
Project("{FAE04EC0-301F-11D3-BF4B-00C04F79EFBC}") = "TestRunner", "CFUnitTester\TestRunner\TestRunner.csproj", "{1C9AE3CD-C7F3-4A1D-9096-646549157B1A}"
EndProject
Project("{FAE04EC0-301F-11D3-BF4B-00C04F79EFBC}") = "GuiTestRunner", "CFUnitTester\GuiTestRunner\GuiTestRunner.csproj", "{EDD25FDB-37FD-4365-B2A8-BE0C6D395BDC}"
EndProject
Project("{FAE04EC0-301F-11D3-BF4B-00C04F79EFBC}") = "Mobile.PasswordAuthentication", "PasswordAuthentication\Src\Mobile.PasswordAuthentication.csproj", "{7C078FBC-AB3F-4C6D-9E0A-211407A71325}"
EndProject
Project("{FAE04EC0-301F-11D3-BF4B-00C04F79EFBC}") = "PinAuthentication.Tests.CF", "PasswordAuthentication\UnitTests\PinAuthentication.Tests.CF.csproj", "{D5740B3D-CB39-44E1-8448-5A33A814F678}"
EndProject
Project("{FAE04EC0-301F-11D3-BF4B-00C04F79EFBC}") = "PinAuthentication.Tests", "PasswordAuthentication\UnitTests\PinAuthentication.Tests.csproj", "{74F5DF83-4FD2-4C85-B06E-C5FF9EBA21E5}"
EndProject
Global
	GlobalSection(TeamFoundationVersionControl) = preSolution
		SccNumberOfProjects = 7
		SccEnterpriseProvider = {4CA58AB2-18FA-4F8D-95D4-32DDF27D184C}
		SccTeamFoundationServer = https://tfs03.codeplex.com/
		SccProjectUniqueName0 = CFUnitTester\\UnitTesting\\UnitTesting.csproj
		SccProjectTopLevelParentUniqueName0 = PasswordAuthentication.2008.sln
		SccProjectName0 = CFUnitTester/UnitTesting
		SccLocalPath0 = CFUnitTester\\UnitTesting
		SccProjectUniqueName1 = CFUnitTester\\TestRunner\\TestRunner.csproj
		SccProjectTopLevelParentUniqueName1 = PasswordAuthentication.2008.sln
		SccProjectName1 = CFUnitTester/TestRunner
		SccLocalPath1 = CFUnitTester\\TestRunner
		SccProjectUniqueName2 = CFUnitTester\\GuiTestRunner\\GuiTestRunner.csproj
		SccProjectTopLevelParentUniqueName2 = PasswordAuthentication.2008.sln
		SccProjectName2 = CFUnitTester/GuiTestRunner
		SccLocalPath2 = CFUnitTester\\GuiTestRunner
		SccLocalPath3 = .
		SccProjectUniqueName4 = PasswordAuthentication\\Src\\Mobile.PasswordAuthentication.csproj
		SccProjectTopLevelParentUniqueName4 = PasswordAuthentication.2008.sln
		SccProjectName4 = PasswordAuthentication/Src
		SccLocalPath4 = PasswordAuthentication\\Src
		SccProjectUniqueName5 = PasswordAuthentication\\UnitTests\\PinAuthentication.Tests.CF.csproj
		SccProjectTopLevelParentUniqueName5 = PasswordAuthentication.2008.sln
		SccProjectName5 = PasswordAuthentication/UnitTests
		SccLocalPath5 = PasswordAuthentication\\UnitTests
		SccProjectUniqueName6 = PasswordAuthentication\\UnitTests\\PinAuthentication.Tests.csproj
		SccProjectTopLevelParentUniqueName6 = PasswordAuthentication.2008.sln
		SccProjectName6 = PasswordAuthentication/UnitTests
		SccLocalPath6 = PasswordAuthentication\\UnitTests
	EndGlobalSection
	GlobalSection(TestCaseManagementSettings) = postSolution
		CategoryFile = PasswordAuthentication.2008.vsmdi
	EndGlobalSection
	GlobalSection(TextTemplating) = postSolution
		TextTemplating = 1
	EndGlobalSection
	GlobalSection(SolutionConfigurationPlatforms) = preSolution
		Debug|Any CPU = Debug|Any CPU
		Release|Any CPU = Release|Any CPU
	EndGlobalSection
	GlobalSection(ProjectConfigurationPlatforms) = postSolution
		{3385C4E6-0657-48E3-8437-6BF4A51B2315}.Debug|Any CPU.ActiveCfg = Debug|Any CPU
		{3385C4E6-0657-48E3-8437-6BF4A51B2315}.Debug|Any CPU.Build.0 = Debug|Any CPU
		{3385C4E6-0657-48E3-8437-6BF4A51B2315}.Release|Any CPU.ActiveCfg = Release|Any CPU
		{3385C4E6-0657-48E3-8437-6BF4A51B2315}.Release|Any CPU.Build.0 = Release|Any CPU
		{1C9AE3CD-C7F3-4A1D-9096-646549157B1A}.Debug|Any CPU.ActiveCfg = Debug|Any CPU
		{1C9AE3CD-C7F3-4A1D-9096-646549157B1A}.Debug|Any CPU.Build.0 = Debug|Any CPU
		{1C9AE3CD-C7F3-4A1D-9096-646549157B1A}.Release|Any CPU.ActiveCfg = Release|Any CPU
		{1C9AE3CD-C7F3-4A1D-9096-646549157B1A}.Release|Any CPU.Build.0 = Release|Any CPU
		{EDD25FDB-37FD-4365-B2A8-BE0C6D395BDC}.Debug|Any CPU.ActiveCfg = Debug|Any CPU
		{EDD25FDB-37FD-4365-B2A8-BE0C6D395BDC}.Debug|Any CPU.Build.0 = Debug|Any CPU
		{EDD25FDB-37FD-4365-B2A8-BE0C6D395BDC}.Debug|Any CPU.Deploy.0 = Debug|Any CPU
		{EDD25FDB-37FD-4365-B2A8-BE0C6D395BDC}.Release|Any CPU.ActiveCfg = Release|Any CPU
		{EDD25FDB-37FD-4365-B2A8-BE0C6D395BDC}.Release|Any CPU.Build.0 = Release|Any CPU
		{EDD25FDB-37FD-4365-B2A8-BE0C6D395BDC}.Release|Any CPU.Deploy.0 = Release|Any CPU
		{7C078FBC-AB3F-4C6D-9E0A-211407A71325}.Debug|Any CPU.ActiveCfg = Debug|Any CPU
		{7C078FBC-AB3F-4C6D-9E0A-211407A71325}.Debug|Any CPU.Build.0 = Debug|Any CPU
		{7C078FBC-AB3F-4C6D-9E0A-211407A71325}.Release|Any CPU.ActiveCfg = Release|Any CPU
		{7C078FBC-AB3F-4C6D-9E0A-211407A71325}.Release|Any CPU.Build.0 = Release|Any CPU
		{D5740B3D-CB39-44E1-8448-5A33A814F678}.Debug|Any CPU.ActiveCfg = Debug|Any CPU
		{D5740B3D-CB39-44E1-8448-5A33A814F678}.Debug|Any CPU.Build.0 = Debug|Any CPU
		{D5740B3D-CB39-44E1-8448-5A33A814F678}.Release|Any CPU.ActiveCfg = Release|Any CPU
		{D5740B3D-CB39-44E1-8448-5A33A814F678}.Release|Any CPU.Build.0 = Release|Any CPU
		{74F5DF83-4FD2-4C85-B06E-C5FF9EBA21E5}.Debug|Any CPU.ActiveCfg = Debug|Any CPU
		{74F5DF83-4FD2-4C85-B06E-C5FF9EBA21E5}.Debug|Any CPU.Build.0 = Debug|Any CPU
		{74F5DF83-4FD2-4C85-B06E-C5FF9EBA21E5}.Release|Any CPU.ActiveCfg = Release|Any CPU
		{74F5DF83-4FD2-4C85-B06E-C5FF9EBA21E5}.Release|Any CPU.Build.0 = Release|Any CPU
	EndGlobalSection
	GlobalSection(SolutionProperties) = preSolution
		HideSolutionNode = FALSE
	EndGlobalSection
	GlobalSection(NestedProjects) = preSolution
		{C27820B3-673B-47B9-9DCE-A1181CB18B3C} = {90CF622C-C6EE-4C78-A4AA-AF1ED7C822DD}
		{D5740B3D-CB39-44E1-8448-5A33A814F678} = {90CF622C-C6EE-4C78-A4AA-AF1ED7C822DD}
		{74F5DF83-4FD2-4C85-B06E-C5FF9EBA21E5} = {90CF622C-C6EE-4C78-A4AA-AF1ED7C822DD}
		{3385C4E6-0657-48E3-8437-6BF4A51B2315} = {C27820B3-673B-47B9-9DCE-A1181CB18B3C}
		{1C9AE3CD-C7F3-4A1D-9096-646549157B1A} = {C27820B3-673B-47B9-9DCE-A1181CB18B3C}
		{EDD25FDB-37FD-4365-B2A8-BE0C6D395BDC} = {C27820B3-673B-47B9-9DCE-A1181CB18B3C}
		{7C078FBC-AB3F-4C6D-9E0A-211407A71325} = {A6497E8C-7A88-42A9-8B52-D7525570B195}
	EndGlobalSection
EndGlobal
